
Microsoft Visual Studio Solution File, Format Version 12.00
# Visual Studio Version 17
VisualStudioVersion = 17.11.35222.181
MinimumVisualStudioVersion = 10.0.40219.1
Project("{9A19103F-16F7-4668-BE54-9A1E7A4F7556}") = "30Mars", "1erMars\30Mars.csproj", "{722FFF27-A6F4-43A6-9BEE-87B79815F9A0}"
EndProject
Global
	GlobalSection(SolutionConfigurationPlatforms) = preSolution
		Debug|Any CPU = Debug|Any CPU
		Release|Any CPU = Release|Any CPU
	EndGlobalSection
	GlobalSection(ProjectConfigurationPlatforms) = postSolution
		{722FFF27-A6F4-43A6-9BEE-87B79815F9A0}.Debug|Any CPU.ActiveCfg = Debug|Any CPU
		{722FFF27-A6F4-43A6-9BEE-87B79815F9A0}.Debug|Any CPU.Build.0 = Debug|Any CPU
		{722FFF27-A6F4-43A6-9BEE-87B79815F9A0}.Release|Any CPU.ActiveCfg = Release|Any CPU
		{722FFF27-A6F4-43A6-9BEE-87B79815F9A0}.Release|Any CPU.Build.0 = Release|Any CPU
	EndGlobalSection
	GlobalSection(SolutionProperties) = preSolution
		HideSolutionNode = FALSE
	EndGlobalSection
	GlobalSection(ExtensibilityGlobals) = postSolution
		SolutionGuid = {1A6A64CD-3F06-40A9-8BC0-8AE5F462046B}
	EndGlobalSection
EndGlobal
